// !$*UTF8*$!
{
	archiveVersion = 1;
	classes = {
	};
	objectVersion = 56;
	objects = {

/* Begin PBXBuildFile section */
		EC96DAF32B8DACA400732CF5 /* AppDelegate.swift in Sources */ = {isa = PBXBuildFile; fileRef = EC96DAF22B8DACA400732CF5 /* AppDelegate.swift */; };
		EC96DAF52B8DACA400732CF5 /* SceneDelegate.swift in Sources */ = {isa = PBXBuildFile; fileRef = EC96DAF42B8DACA400732CF5 /* SceneDelegate.swift */; };
		EC96DAFC2B8DACA600732CF5 /* Assets.xcassets in Resources */ = {isa = PBXBuildFile; fileRef = EC96DAFB2B8DACA600732CF5 /* Assets.xcassets */; };
		EC96DAFF2B8DACA600732CF5 /* LaunchScreen.storyboard in Resources */ = {isa = PBXBuildFile; fileRef = EC96DAFD2B8DACA600732CF5 /* LaunchScreen.storyboard */; };
		EC96DB072B8DADBD00732CF5 /* Colors.xcassets in Resources */ = {isa = PBXBuildFile; fileRef = EC96DB062B8DADBD00732CF5 /* Colors.xcassets */; };
		EC96DB0E2B8DB09700732CF5 /* TrendingViewController.swift in Sources */ = {isa = PBXBuildFile; fileRef = EC96DB0D2B8DB09700732CF5 /* TrendingViewController.swift */; };
		EC96DB102B8DB0A600732CF5 /* SearchViewController.swift in Sources */ = {isa = PBXBuildFile; fileRef = EC96DB0F2B8DB0A600732CF5 /* SearchViewController.swift */; };
		EC96DB122B8DB0B000732CF5 /* FavoriteViewController.swift in Sources */ = {isa = PBXBuildFile; fileRef = EC96DB112B8DB0B000732CF5 /* FavoriteViewController.swift */; };
		EC96DB142B8DB0B800732CF5 /* SettingViewController.swift in Sources */ = {isa = PBXBuildFile; fileRef = EC96DB132B8DB0B800732CF5 /* SettingViewController.swift */; };
		EC96DB172B8DB6A900732CF5 /* BaseViewController.swift in Sources */ = {isa = PBXBuildFile; fileRef = EC96DB162B8DB6A900732CF5 /* BaseViewController.swift */; };
		EC96DB192B8DB6E600732CF5 /* BaseView.swift in Sources */ = {isa = PBXBuildFile; fileRef = EC96DB182B8DB6E600732CF5 /* BaseView.swift */; };
		EC96DB1B2B8DB74600732CF5 /* RoundImageView.swift in Sources */ = {isa = PBXBuildFile; fileRef = EC96DB1A2B8DB74600732CF5 /* RoundImageView.swift */; };
		EC96DB202B8DB9E800732CF5 /* Design.swift in Sources */ = {isa = PBXBuildFile; fileRef = EC96DB1F2B8DB9E800732CF5 /* Design.swift */; };
		EC96DB232B8DBD0100732CF5 /* SnapKit in Frameworks */ = {isa = PBXBuildFile; productRef = EC96DB222B8DBD0100732CF5 /* SnapKit */; };
		EC96DB252B8DBD0100732CF5 /* SnapKit-Dynamic in Frameworks */ = {isa = PBXBuildFile; productRef = EC96DB242B8DBD0100732CF5 /* SnapKit-Dynamic */; };
		EC96DB272B8DBF8E00732CF5 /* SearchView.swift in Sources */ = {isa = PBXBuildFile; fileRef = EC96DB262B8DBF8E00732CF5 /* SearchView.swift */; };
		EC96DB292B8DBFDB00732CF5 /* SearchTableViewCell.swift in Sources */ = {isa = PBXBuildFile; fileRef = EC96DB282B8DBFDB00732CF5 /* SearchTableViewCell.swift */; };
		EC96DB2B2B8DC14D00732CF5 /* Extensions.swift in Sources */ = {isa = PBXBuildFile; fileRef = EC96DB2A2B8DC14D00732CF5 /* Extensions.swift */; };
		EC96DB2D2B8DC15600732CF5 /* Protocols.swift in Sources */ = {isa = PBXBuildFile; fileRef = EC96DB2C2B8DC15600732CF5 /* Protocols.swift */; };
		EC96DB302B8DC68200732CF5 /* CoingeckoAPIManager.swift in Sources */ = {isa = PBXBuildFile; fileRef = EC96DB2F2B8DC68200732CF5 /* CoingeckoAPIManager.swift */; };
		EC96DB332B8DC8A400732CF5 /* Alamofire in Frameworks */ = {isa = PBXBuildFile; productRef = EC96DB322B8DC8A400732CF5 /* Alamofire */; };
		EC96DB352B8DC92200732CF5 /* CoingeckoAPI.swift in Sources */ = {isa = PBXBuildFile; fileRef = EC96DB342B8DC92200732CF5 /* CoingeckoAPI.swift */; };
		EC96DB382B8DD83900732CF5 /* CoingeckoSearchData.swift in Sources */ = {isa = PBXBuildFile; fileRef = EC96DB372B8DD83900732CF5 /* CoingeckoSearchData.swift */; };
		EC96DB3A2B8DDA1E00732CF5 /* SearchViewModel.swift in Sources */ = {isa = PBXBuildFile; fileRef = EC96DB392B8DDA1E00732CF5 /* SearchViewModel.swift */; };
		EC96DB3C2B8DDA3B00732CF5 /* Observable.swift in Sources */ = {isa = PBXBuildFile; fileRef = EC96DB3B2B8DDA3A00732CF5 /* Observable.swift */; };
		EC96DB402B8DEC7800732CF5 /* Kingfisher in Frameworks */ = {isa = PBXBuildFile; productRef = EC96DB3F2B8DEC7800732CF5 /* Kingfisher */; };
		EC96DB432B8E1F2200732CF5 /* Realm in Frameworks */ = {isa = PBXBuildFile; productRef = EC96DB422B8E1F2200732CF5 /* Realm */; };
		EC96DB452B8E1F2200732CF5 /* RealmSwift in Frameworks */ = {isa = PBXBuildFile; productRef = EC96DB442B8E1F2200732CF5 /* RealmSwift */; };
		EC96DB482B8E1FCE00732CF5 /* RealmModel.swift in Sources */ = {isa = PBXBuildFile; fileRef = EC96DB472B8E1FCE00732CF5 /* RealmModel.swift */; };
		EC96DB4A2B8E232600732CF5 /* RealmRepository.swift in Sources */ = {isa = PBXBuildFile; fileRef = EC96DB492B8E232600732CF5 /* RealmRepository.swift */; };
		ECC91A792B8F065500F9D4AC /* CoingeckoMarketData.swift in Sources */ = {isa = PBXBuildFile; fileRef = ECC91A782B8F065500F9D4AC /* CoingeckoMarketData.swift */; };
		ECC91A7B2B8F0DDB00F9D4AC /* FormatManager.swift in Sources */ = {isa = PBXBuildFile; fileRef = ECC91A7A2B8F0DDB00F9D4AC /* FormatManager.swift */; };
		ECC91A7E2B8F171900F9D4AC /* Toast in Frameworks */ = {isa = PBXBuildFile; productRef = ECC91A7D2B8F171900F9D4AC /* Toast */; };
		ECC91A802B8F18B100F9D4AC /* FavoriteButtonClickedState.swift in Sources */ = {isa = PBXBuildFile; fileRef = ECC91A7F2B8F18B100F9D4AC /* FavoriteButtonClickedState.swift */; };
		ECC91A822B8F304900F9D4AC /* FavoriteView.swift in Sources */ = {isa = PBXBuildFile; fileRef = ECC91A812B8F304900F9D4AC /* FavoriteView.swift */; };
		ECC91A842B8F31CF00F9D4AC /* FavoriteCollectionViewCell.swift in Sources */ = {isa = PBXBuildFile; fileRef = ECC91A832B8F31CF00F9D4AC /* FavoriteCollectionViewCell.swift */; };
		ECC91A862B8F42B100F9D4AC /* FavoriteViewModel.swift in Sources */ = {isa = PBXBuildFile; fileRef = ECC91A852B8F42B100F9D4AC /* FavoriteViewModel.swift */; };
		ECC91A882B8F5FE000F9D4AC /* ChartViewController.swift in Sources */ = {isa = PBXBuildFile; fileRef = ECC91A872B8F5FE000F9D4AC /* ChartViewController.swift */; };
		ECC91A8A2B8F60E000F9D4AC /* ChartView.swift in Sources */ = {isa = PBXBuildFile; fileRef = ECC91A892B8F60E000F9D4AC /* ChartView.swift */; };
		ECC91A8C2B8F643400F9D4AC /* ChartItem.swift in Sources */ = {isa = PBXBuildFile; fileRef = ECC91A8B2B8F643400F9D4AC /* ChartItem.swift */; };
		ECC91A8F2B8F655800F9D4AC /* DGCharts in Frameworks */ = {isa = PBXBuildFile; productRef = ECC91A8E2B8F655800F9D4AC /* DGCharts */; };
		ECC91A912B8F655800F9D4AC /* DGChartsDynamic in Frameworks */ = {isa = PBXBuildFile; productRef = ECC91A902B8F655800F9D4AC /* DGChartsDynamic */; };
		ECC91A932B8F6CD400F9D4AC /* ChartViewModel.swift in Sources */ = {isa = PBXBuildFile; fileRef = ECC91A922B8F6CD400F9D4AC /* ChartViewModel.swift */; };
		ECC91A952B8F7D7900F9D4AC /* ChartCollectionViewCell.swift in Sources */ = {isa = PBXBuildFile; fileRef = ECC91A942B8F7D7900F9D4AC /* ChartCollectionViewCell.swift */; };
		ECC91AC12B9079D100F9D4AC /* TrendingSection.swift in Sources */ = {isa = PBXBuildFile; fileRef = ECC91AC02B9079D100F9D4AC /* TrendingSection.swift */; };
		ECC91AC32B907A5200F9D4AC /* TrendingView.swift in Sources */ = {isa = PBXBuildFile; fileRef = ECC91AC22B907A5200F9D4AC /* TrendingView.swift */; };
		ECC91ACB2B90931E00F9D4AC /* RealmManager.swift in Sources */ = {isa = PBXBuildFile; fileRef = ECC91ACA2B90931E00F9D4AC /* RealmManager.swift */; };
		ECC91ACD2B91BB9000F9D4AC /* FavoriteSectionCollectionViewCell.swift in Sources */ = {isa = PBXBuildFile; fileRef = ECC91ACC2B91BB9000F9D4AC /* FavoriteSectionCollectionViewCell.swift */; };
		ECC91ACF2B91BE4400F9D4AC /* RankCollectionViewCell.swift in Sources */ = {isa = PBXBuildFile; fileRef = ECC91ACE2B91BE4400F9D4AC /* RankCollectionViewCell.swift */; };
		ECC91AD12B91BF7200F9D4AC /* HeaderView.swift in Sources */ = {isa = PBXBuildFile; fileRef = ECC91AD02B91BF7200F9D4AC /* HeaderView.swift */; };
		ECC91AD32B91CA9300F9D4AC /* TrendingViewModel.swift in Sources */ = {isa = PBXBuildFile; fileRef = ECC91AD22B91CA9300F9D4AC /* TrendingViewModel.swift */; };
		ECC91AD52B91D07100F9D4AC /* CoingeckoTrendingData.swift in Sources */ = {isa = PBXBuildFile; fileRef = ECC91AD42B91D07100F9D4AC /* CoingeckoTrendingData.swift */; };
		ECC91AD72B92025500F9D4AC /* SearchValidationState.swift in Sources */ = {isa = PBXBuildFile; fileRef = ECC91AD62B92025500F9D4AC /* SearchValidationState.swift */; };
		ECC91ADA2B92066900F9D4AC /* SkeletonView in Frameworks */ = {isa = PBXBuildFile; productRef = ECC91AD92B92066900F9D4AC /* SkeletonView */; };
		ECC91AE02B92FC3700F9D4AC /* NetworkCheck.swift in Sources */ = {isa = PBXBuildFile; fileRef = ECC91ADF2B92FC3600F9D4AC /* NetworkCheck.swift */; };
		ECC91AE22B93147500F9D4AC /* MoreCollectionViewCell.swift in Sources */ = {isa = PBXBuildFile; fileRef = ECC91AE12B93147500F9D4AC /* MoreCollectionViewCell.swift */; };
		ECC91AE42B933D3E00F9D4AC /* RefreshState.swift in Sources */ = {isa = PBXBuildFile; fileRef = ECC91AE32B933D3E00F9D4AC /* RefreshState.swift */; };
/* End PBXBuildFile section */

/* Begin PBXFileReference section */
		EC96DAEF2B8DACA400732CF5 /* CryptoCoin.app */ = {isa = PBXFileReference; explicitFileType = wrapper.application; includeInIndex = 0; path = CryptoCoin.app; sourceTree = BUILT_PRODUCTS_DIR; };
		EC96DAF22B8DACA400732CF5 /* AppDelegate.swift */ = {isa = PBXFileReference; lastKnownFileType = sourcecode.swift; path = AppDelegate.swift; sourceTree = "<group>"; };
		EC96DAF42B8DACA400732CF5 /* SceneDelegate.swift */ = {isa = PBXFileReference; lastKnownFileType = sourcecode.swift; path = SceneDelegate.swift; sourceTree = "<group>"; };
		EC96DAFB2B8DACA600732CF5 /* Assets.xcassets */ = {isa = PBXFileReference; lastKnownFileType = folder.assetcatalog; path = Assets.xcassets; sourceTree = "<group>"; };
		EC96DAFE2B8DACA600732CF5 /* Base */ = {isa = PBXFileReference; lastKnownFileType = file.storyboard; name = Base; path = Base.lproj/LaunchScreen.storyboard; sourceTree = "<group>"; };
		EC96DB002B8DACA600732CF5 /* Info.plist */ = {isa = PBXFileReference; lastKnownFileType = text.plist.xml; path = Info.plist; sourceTree = "<group>"; };
		EC96DB062B8DADBD00732CF5 /* Colors.xcassets */ = {isa = PBXFileReference; lastKnownFileType = folder.assetcatalog; path = Colors.xcassets; sourceTree = "<group>"; };
		EC96DB0D2B8DB09700732CF5 /* TrendingViewController.swift */ = {isa = PBXFileReference; lastKnownFileType = sourcecode.swift; path = TrendingViewController.swift; sourceTree = "<group>"; };
		EC96DB0F2B8DB0A600732CF5 /* SearchViewController.swift */ = {isa = PBXFileReference; lastKnownFileType = sourcecode.swift; path = SearchViewController.swift; sourceTree = "<group>"; };
		EC96DB112B8DB0B000732CF5 /* FavoriteViewController.swift */ = {isa = PBXFileReference; lastKnownFileType = sourcecode.swift; path = FavoriteViewController.swift; sourceTree = "<group>"; };
		EC96DB132B8DB0B800732CF5 /* SettingViewController.swift */ = {isa = PBXFileReference; lastKnownFileType = sourcecode.swift; path = SettingViewController.swift; sourceTree = "<group>"; };
		EC96DB162B8DB6A900732CF5 /* BaseViewController.swift */ = {isa = PBXFileReference; lastKnownFileType = sourcecode.swift; path = BaseViewController.swift; sourceTree = "<group>"; };
		EC96DB182B8DB6E600732CF5 /* BaseView.swift */ = {isa = PBXFileReference; lastKnownFileType = sourcecode.swift; path = BaseView.swift; sourceTree = "<group>"; };
		EC96DB1A2B8DB74600732CF5 /* RoundImageView.swift */ = {isa = PBXFileReference; lastKnownFileType = sourcecode.swift; path = RoundImageView.swift; sourceTree = "<group>"; };
		EC96DB1F2B8DB9E800732CF5 /* Design.swift */ = {isa = PBXFileReference; lastKnownFileType = sourcecode.swift; path = Design.swift; sourceTree = "<group>"; };
		EC96DB262B8DBF8E00732CF5 /* SearchView.swift */ = {isa = PBXFileReference; lastKnownFileType = sourcecode.swift; path = SearchView.swift; sourceTree = "<group>"; };
		EC96DB282B8DBFDB00732CF5 /* SearchTableViewCell.swift */ = {isa = PBXFileReference; lastKnownFileType = sourcecode.swift; path = SearchTableViewCell.swift; sourceTree = "<group>"; };
		EC96DB2A2B8DC14D00732CF5 /* Extensions.swift */ = {isa = PBXFileReference; lastKnownFileType = sourcecode.swift; path = Extensions.swift; sourceTree = "<group>"; };
		EC96DB2C2B8DC15600732CF5 /* Protocols.swift */ = {isa = PBXFileReference; lastKnownFileType = sourcecode.swift; path = Protocols.swift; sourceTree = "<group>"; };
		EC96DB2F2B8DC68200732CF5 /* CoingeckoAPIManager.swift */ = {isa = PBXFileReference; lastKnownFileType = sourcecode.swift; path = CoingeckoAPIManager.swift; sourceTree = "<group>"; };
		EC96DB342B8DC92200732CF5 /* CoingeckoAPI.swift */ = {isa = PBXFileReference; lastKnownFileType = sourcecode.swift; path = CoingeckoAPI.swift; sourceTree = "<group>"; };
		EC96DB372B8DD83900732CF5 /* CoingeckoSearchData.swift */ = {isa = PBXFileReference; lastKnownFileType = sourcecode.swift; path = CoingeckoSearchData.swift; sourceTree = "<group>"; };
		EC96DB392B8DDA1E00732CF5 /* SearchViewModel.swift */ = {isa = PBXFileReference; lastKnownFileType = sourcecode.swift; path = SearchViewModel.swift; sourceTree = "<group>"; };
		EC96DB3B2B8DDA3A00732CF5 /* Observable.swift */ = {isa = PBXFileReference; lastKnownFileType = sourcecode.swift; path = Observable.swift; sourceTree = "<group>"; };
		EC96DB472B8E1FCE00732CF5 /* RealmModel.swift */ = {isa = PBXFileReference; lastKnownFileType = sourcecode.swift; path = RealmModel.swift; sourceTree = "<group>"; };
		EC96DB492B8E232600732CF5 /* RealmRepository.swift */ = {isa = PBXFileReference; lastKnownFileType = sourcecode.swift; path = RealmRepository.swift; sourceTree = "<group>"; };
		ECC91A782B8F065500F9D4AC /* CoingeckoMarketData.swift */ = {isa = PBXFileReference; lastKnownFileType = sourcecode.swift; path = CoingeckoMarketData.swift; sourceTree = "<group>"; };
		ECC91A7A2B8F0DDB00F9D4AC /* FormatManager.swift */ = {isa = PBXFileReference; lastKnownFileType = sourcecode.swift; path = FormatManager.swift; sourceTree = "<group>"; };
		ECC91A7F2B8F18B100F9D4AC /* FavoriteButtonClickedState.swift */ = {isa = PBXFileReference; lastKnownFileType = sourcecode.swift; path = FavoriteButtonClickedState.swift; sourceTree = "<group>"; };
		ECC91A812B8F304900F9D4AC /* FavoriteView.swift */ = {isa = PBXFileReference; lastKnownFileType = sourcecode.swift; path = FavoriteView.swift; sourceTree = "<group>"; };
		ECC91A832B8F31CF00F9D4AC /* FavoriteCollectionViewCell.swift */ = {isa = PBXFileReference; lastKnownFileType = sourcecode.swift; path = FavoriteCollectionViewCell.swift; sourceTree = "<group>"; };
		ECC91A852B8F42B100F9D4AC /* FavoriteViewModel.swift */ = {isa = PBXFileReference; lastKnownFileType = sourcecode.swift; path = FavoriteViewModel.swift; sourceTree = "<group>"; };
		ECC91A872B8F5FE000F9D4AC /* ChartViewController.swift */ = {isa = PBXFileReference; lastKnownFileType = sourcecode.swift; path = ChartViewController.swift; sourceTree = "<group>"; };
		ECC91A892B8F60E000F9D4AC /* ChartView.swift */ = {isa = PBXFileReference; lastKnownFileType = sourcecode.swift; path = ChartView.swift; sourceTree = "<group>"; };
		ECC91A8B2B8F643400F9D4AC /* ChartItem.swift */ = {isa = PBXFileReference; lastKnownFileType = sourcecode.swift; path = ChartItem.swift; sourceTree = "<group>"; };
		ECC91A922B8F6CD400F9D4AC /* ChartViewModel.swift */ = {isa = PBXFileReference; lastKnownFileType = sourcecode.swift; path = ChartViewModel.swift; sourceTree = "<group>"; };
		ECC91A942B8F7D7900F9D4AC /* ChartCollectionViewCell.swift */ = {isa = PBXFileReference; lastKnownFileType = sourcecode.swift; path = ChartCollectionViewCell.swift; sourceTree = "<group>"; };
		ECC91AC02B9079D100F9D4AC /* TrendingSection.swift */ = {isa = PBXFileReference; lastKnownFileType = sourcecode.swift; path = TrendingSection.swift; sourceTree = "<group>"; };
		ECC91AC22B907A5200F9D4AC /* TrendingView.swift */ = {isa = PBXFileReference; lastKnownFileType = sourcecode.swift; path = TrendingView.swift; sourceTree = "<group>"; };
		ECC91ACA2B90931E00F9D4AC /* RealmManager.swift */ = {isa = PBXFileReference; lastKnownFileType = sourcecode.swift; path = RealmManager.swift; sourceTree = "<group>"; };
		ECC91ACC2B91BB9000F9D4AC /* FavoriteSectionCollectionViewCell.swift */ = {isa = PBXFileReference; lastKnownFileType = sourcecode.swift; path = FavoriteSectionCollectionViewCell.swift; sourceTree = "<group>"; };
		ECC91ACE2B91BE4400F9D4AC /* RankCollectionViewCell.swift */ = {isa = PBXFileReference; lastKnownFileType = sourcecode.swift; path = RankCollectionViewCell.swift; sourceTree = "<group>"; };
		ECC91AD02B91BF7200F9D4AC /* HeaderView.swift */ = {isa = PBXFileReference; lastKnownFileType = sourcecode.swift; path = HeaderView.swift; sourceTree = "<group>"; };
		ECC91AD22B91CA9300F9D4AC /* TrendingViewModel.swift */ = {isa = PBXFileReference; lastKnownFileType = sourcecode.swift; path = TrendingViewModel.swift; sourceTree = "<group>"; };
		ECC91AD42B91D07100F9D4AC /* CoingeckoTrendingData.swift */ = {isa = PBXFileReference; lastKnownFileType = sourcecode.swift; path = CoingeckoTrendingData.swift; sourceTree = "<group>"; };
		ECC91AD62B92025500F9D4AC /* SearchValidationState.swift */ = {isa = PBXFileReference; lastKnownFileType = sourcecode.swift; path = SearchValidationState.swift; sourceTree = "<group>"; };
		ECC91ADF2B92FC3600F9D4AC /* NetworkCheck.swift */ = {isa = PBXFileReference; lastKnownFileType = sourcecode.swift; path = NetworkCheck.swift; sourceTree = "<group>"; };
		ECC91AE12B93147500F9D4AC /* MoreCollectionViewCell.swift */ = {isa = PBXFileReference; lastKnownFileType = sourcecode.swift; path = MoreCollectionViewCell.swift; sourceTree = "<group>"; };
		ECC91AE32B933D3E00F9D4AC /* RefreshState.swift */ = {isa = PBXFileReference; lastKnownFileType = sourcecode.swift; path = RefreshState.swift; sourceTree = "<group>"; };
/* End PBXFileReference section */

/* Begin PBXFrameworksBuildPhase section */
		EC96DAEC2B8DACA400732CF5 /* Frameworks */ = {
			isa = PBXFrameworksBuildPhase;
			buildActionMask = 2147483647;
			files = (
				ECC91A8F2B8F655800F9D4AC /* DGCharts in Frameworks */,
				EC96DB452B8E1F2200732CF5 /* RealmSwift in Frameworks */,
				EC96DB402B8DEC7800732CF5 /* Kingfisher in Frameworks */,
				EC96DB332B8DC8A400732CF5 /* Alamofire in Frameworks */,
				ECC91ADA2B92066900F9D4AC /* SkeletonView in Frameworks */,
				EC96DB232B8DBD0100732CF5 /* SnapKit in Frameworks */,
				EC96DB252B8DBD0100732CF5 /* SnapKit-Dynamic in Frameworks */,
				ECC91A7E2B8F171900F9D4AC /* Toast in Frameworks */,
				ECC91A912B8F655800F9D4AC /* DGChartsDynamic in Frameworks */,
				EC96DB432B8E1F2200732CF5 /* Realm in Frameworks */,
			);
			runOnlyForDeploymentPostprocessing = 0;
		};
/* End PBXFrameworksBuildPhase section */

/* Begin PBXGroup section */
		EC96DAE62B8DACA400732CF5 = {
			isa = PBXGroup;
			children = (
				EC96DAF12B8DACA400732CF5 /* CryptoCoin */,
				EC96DAF02B8DACA400732CF5 /* Products */,
			);
			sourceTree = "<group>";
		};
		EC96DAF02B8DACA400732CF5 /* Products */ = {
			isa = PBXGroup;
			children = (
				EC96DAEF2B8DACA400732CF5 /* CryptoCoin.app */,
			);
			name = Products;
			sourceTree = "<group>";
		};
		EC96DAF12B8DACA400732CF5 /* CryptoCoin */ = {
			isa = PBXGroup;
			children = (
				EC96DB2C2B8DC15600732CF5 /* Protocols.swift */,
				EC96DB2A2B8DC14D00732CF5 /* Extensions.swift */,
				EC96DB3B2B8DDA3A00732CF5 /* Observable.swift */,
				ECC91A7A2B8F0DDB00F9D4AC /* FormatManager.swift */,
				ECC91ADF2B92FC3600F9D4AC /* NetworkCheck.swift */,
				EC96DB3D2B8DE7C600732CF5 /* Design */,
				EC96DB2E2B8DC63700732CF5 /* API */,
				EC96DB462B8E1FBC00732CF5 /* Realm */,
				EC96DB152B8DB67700732CF5 /* Base */,
				EC96DB1C2B8DB74A00732CF5 /* Custom */,
				EC96DB082B8DB01700732CF5 /* Trending */,
				EC96DB092B8DB02C00732CF5 /* Search */,
				EC96DB0A2B8DB03C00732CF5 /* Favorite */,
				EC96DB0C2B8DB07D00732CF5 /* Setting */,
				EC96DB0B2B8DB05000732CF5 /* Chart */,
				EC96DAF22B8DACA400732CF5 /* AppDelegate.swift */,
				EC96DAF42B8DACA400732CF5 /* SceneDelegate.swift */,
				EC96DAFB2B8DACA600732CF5 /* Assets.xcassets */,
				EC96DB062B8DADBD00732CF5 /* Colors.xcassets */,
				EC96DAFD2B8DACA600732CF5 /* LaunchScreen.storyboard */,
				EC96DB002B8DACA600732CF5 /* Info.plist */,
			);
			path = CryptoCoin;
			sourceTree = "<group>";
		};
		EC96DB082B8DB01700732CF5 /* Trending */ = {
			isa = PBXGroup;
			children = (
				ECC91AD02B91BF7200F9D4AC /* HeaderView.swift */,
				ECC91AC02B9079D100F9D4AC /* TrendingSection.swift */,
				ECC91AC22B907A5200F9D4AC /* TrendingView.swift */,
				EC96DB0D2B8DB09700732CF5 /* TrendingViewController.swift */,
				ECC91AD22B91CA9300F9D4AC /* TrendingViewModel.swift */,
				ECC91ACC2B91BB9000F9D4AC /* FavoriteSectionCollectionViewCell.swift */,
				ECC91ACE2B91BE4400F9D4AC /* RankCollectionViewCell.swift */,
				ECC91AE12B93147500F9D4AC /* MoreCollectionViewCell.swift */,
			);
			path = Trending;
			sourceTree = "<group>";
		};
		EC96DB092B8DB02C00732CF5 /* Search */ = {
			isa = PBXGroup;
			children = (
				ECC91A7F2B8F18B100F9D4AC /* FavoriteButtonClickedState.swift */,
				ECC91AD62B92025500F9D4AC /* SearchValidationState.swift */,
				EC96DB262B8DBF8E00732CF5 /* SearchView.swift */,
				EC96DB0F2B8DB0A600732CF5 /* SearchViewController.swift */,
				EC96DB392B8DDA1E00732CF5 /* SearchViewModel.swift */,
				EC96DB282B8DBFDB00732CF5 /* SearchTableViewCell.swift */,
			);
			path = Search;
			sourceTree = "<group>";
		};
		EC96DB0A2B8DB03C00732CF5 /* Favorite */ = {
			isa = PBXGroup;
			children = (
				ECC91AE32B933D3E00F9D4AC /* RefreshState.swift */,
				ECC91A812B8F304900F9D4AC /* FavoriteView.swift */,
				EC96DB112B8DB0B000732CF5 /* FavoriteViewController.swift */,
				ECC91A852B8F42B100F9D4AC /* FavoriteViewModel.swift */,
				ECC91A832B8F31CF00F9D4AC /* FavoriteCollectionViewCell.swift */,
			);
			path = Favorite;
			sourceTree = "<group>";
		};
		EC96DB0B2B8DB05000732CF5 /* Chart */ = {
			isa = PBXGroup;
			children = (
				ECC91A8B2B8F643400F9D4AC /* ChartItem.swift */,
				ECC91A892B8F60E000F9D4AC /* ChartView.swift */,
				ECC91A872B8F5FE000F9D4AC /* ChartViewController.swift */,
				ECC91A922B8F6CD400F9D4AC /* ChartViewModel.swift */,
				ECC91A942B8F7D7900F9D4AC /* ChartCollectionViewCell.swift */,
			);
			path = Chart;
			sourceTree = "<group>";
		};
		EC96DB0C2B8DB07D00732CF5 /* Setting */ = {
			isa = PBXGroup;
			children = (
				EC96DB132B8DB0B800732CF5 /* SettingViewController.swift */,
			);
			path = Setting;
			sourceTree = "<group>";
		};
		EC96DB152B8DB67700732CF5 /* Base */ = {
			isa = PBXGroup;
			children = (
				EC96DB182B8DB6E600732CF5 /* BaseView.swift */,
				EC96DB162B8DB6A900732CF5 /* BaseViewController.swift */,
			);
			path = Base;
			sourceTree = "<group>";
		};
		EC96DB1C2B8DB74A00732CF5 /* Custom */ = {
			isa = PBXGroup;
			children = (
				EC96DB1A2B8DB74600732CF5 /* RoundImageView.swift */,
			);
			path = Custom;
			sourceTree = "<group>";
		};
		EC96DB2E2B8DC63700732CF5 /* API */ = {
			isa = PBXGroup;
			children = (
				ECC91AD42B91D07100F9D4AC /* CoingeckoTrendingData.swift */,
				EC96DB372B8DD83900732CF5 /* CoingeckoSearchData.swift */,
				ECC91A782B8F065500F9D4AC /* CoingeckoMarketData.swift */,
				EC96DB342B8DC92200732CF5 /* CoingeckoAPI.swift */,
				EC96DB2F2B8DC68200732CF5 /* CoingeckoAPIManager.swift */,
			);
			path = API;
			sourceTree = "<group>";
		};
		EC96DB3D2B8DE7C600732CF5 /* Design */ = {
			isa = PBXGroup;
			children = (
				EC96DB1F2B8DB9E800732CF5 /* Design.swift */,
			);
			path = Design;
			sourceTree = "<group>";
		};
		EC96DB462B8E1FBC00732CF5 /* Realm */ = {
			isa = PBXGroup;
			children = (
				EC96DB472B8E1FCE00732CF5 /* RealmModel.swift */,
				EC96DB492B8E232600732CF5 /* RealmRepository.swift */,
				ECC91ACA2B90931E00F9D4AC /* RealmManager.swift */,
			);
			path = Realm;
			sourceTree = "<group>";
		};
/* End PBXGroup section */

/* Begin PBXNativeTarget section */
		EC96DAEE2B8DACA400732CF5 /* CryptoCoin */ = {
			isa = PBXNativeTarget;
			buildConfigurationList = EC96DB032B8DACA600732CF5 /* Build configuration list for PBXNativeTarget "CryptoCoin" */;
			buildPhases = (
				EC96DAEB2B8DACA400732CF5 /* Sources */,
				EC96DAEC2B8DACA400732CF5 /* Frameworks */,
				EC96DAED2B8DACA400732CF5 /* Resources */,
			);
			buildRules = (
			);
			dependencies = (
			);
			name = CryptoCoin;
			packageProductDependencies = (
				EC96DB222B8DBD0100732CF5 /* SnapKit */,
				EC96DB242B8DBD0100732CF5 /* SnapKit-Dynamic */,
				EC96DB322B8DC8A400732CF5 /* Alamofire */,
				EC96DB3F2B8DEC7800732CF5 /* Kingfisher */,
				EC96DB422B8E1F2200732CF5 /* Realm */,
				EC96DB442B8E1F2200732CF5 /* RealmSwift */,
				ECC91A7D2B8F171900F9D4AC /* Toast */,
				ECC91A8E2B8F655800F9D4AC /* DGCharts */,
				ECC91A902B8F655800F9D4AC /* DGChartsDynamic */,
				ECC91AD92B92066900F9D4AC /* SkeletonView */,
			);
			productName = CryptoCoin;
			productReference = EC96DAEF2B8DACA400732CF5 /* CryptoCoin.app */;
			productType = "com.apple.product-type.application";
		};
/* End PBXNativeTarget section */

/* Begin PBXProject section */
		EC96DAE72B8DACA400732CF5 /* Project object */ = {
			isa = PBXProject;
			attributes = {
				BuildIndependentTargetsInParallel = 1;
				LastSwiftUpdateCheck = 1520;
				LastUpgradeCheck = 1520;
				TargetAttributes = {
					EC96DAEE2B8DACA400732CF5 = {
						CreatedOnToolsVersion = 15.2;
					};
				};
			};
			buildConfigurationList = EC96DAEA2B8DACA400732CF5 /* Build configuration list for PBXProject "CryptoCoin" */;
			compatibilityVersion = "Xcode 14.0";
			developmentRegion = en;
			hasScannedForEncodings = 0;
			knownRegions = (
				en,
				Base,
			);
			mainGroup = EC96DAE62B8DACA400732CF5;
			packageReferences = (
				EC96DB212B8DBD0100732CF5 /* XCRemoteSwiftPackageReference "SnapKit" */,
				EC96DB312B8DC8A400732CF5 /* XCRemoteSwiftPackageReference "Alamofire" */,
				EC96DB3E2B8DEC7800732CF5 /* XCRemoteSwiftPackageReference "Kingfisher" */,
				EC96DB412B8E1F2200732CF5 /* XCRemoteSwiftPackageReference "realm-swift" */,
				ECC91A7C2B8F171900F9D4AC /* XCRemoteSwiftPackageReference "Toast-Swift" */,
				ECC91A8D2B8F655800F9D4AC /* XCRemoteSwiftPackageReference "Charts" */,
				ECC91AD82B92066900F9D4AC /* XCRemoteSwiftPackageReference "SkeletonView" */,
			);
			productRefGroup = EC96DAF02B8DACA400732CF5 /* Products */;
			projectDirPath = "";
			projectRoot = "";
			targets = (
				EC96DAEE2B8DACA400732CF5 /* CryptoCoin */,
			);
		};
/* End PBXProject section */

/* Begin PBXResourcesBuildPhase section */
		EC96DAED2B8DACA400732CF5 /* Resources */ = {
			isa = PBXResourcesBuildPhase;
			buildActionMask = 2147483647;
			files = (
				EC96DB072B8DADBD00732CF5 /* Colors.xcassets in Resources */,
				EC96DAFF2B8DACA600732CF5 /* LaunchScreen.storyboard in Resources */,
				EC96DAFC2B8DACA600732CF5 /* Assets.xcassets in Resources */,
			);
			runOnlyForDeploymentPostprocessing = 0;
		};
/* End PBXResourcesBuildPhase section */

/* Begin PBXSourcesBuildPhase section */
		EC96DAEB2B8DACA400732CF5 /* Sources */ = {
			isa = PBXSourcesBuildPhase;
			buildActionMask = 2147483647;
			files = (
				ECC91AE22B93147500F9D4AC /* MoreCollectionViewCell.swift in Sources */,
				ECC91A862B8F42B100F9D4AC /* FavoriteViewModel.swift in Sources */,
				ECC91A882B8F5FE000F9D4AC /* ChartViewController.swift in Sources */,
				ECC91A842B8F31CF00F9D4AC /* FavoriteCollectionViewCell.swift in Sources */,
				EC96DB3C2B8DDA3B00732CF5 /* Observable.swift in Sources */,
				ECC91ACD2B91BB9000F9D4AC /* FavoriteSectionCollectionViewCell.swift in Sources */,
				ECC91A792B8F065500F9D4AC /* CoingeckoMarketData.swift in Sources */,
				EC96DB0E2B8DB09700732CF5 /* TrendingViewController.swift in Sources */,
				ECC91A8A2B8F60E000F9D4AC /* ChartView.swift in Sources */,
				ECC91A822B8F304900F9D4AC /* FavoriteView.swift in Sources */,
				ECC91AC12B9079D100F9D4AC /* TrendingSection.swift in Sources */,
				ECC91ACB2B90931E00F9D4AC /* RealmManager.swift in Sources */,
				EC96DAF32B8DACA400732CF5 /* AppDelegate.swift in Sources */,
				EC96DB102B8DB0A600732CF5 /* SearchViewController.swift in Sources */,
				EC96DB202B8DB9E800732CF5 /* Design.swift in Sources */,
				EC96DB382B8DD83900732CF5 /* CoingeckoSearchData.swift in Sources */,
				EC96DAF52B8DACA400732CF5 /* SceneDelegate.swift in Sources */,
				EC96DB3A2B8DDA1E00732CF5 /* SearchViewModel.swift in Sources */,
				EC96DB122B8DB0B000732CF5 /* FavoriteViewController.swift in Sources */,
				EC96DB302B8DC68200732CF5 /* CoingeckoAPIManager.swift in Sources */,
				ECC91AD32B91CA9300F9D4AC /* TrendingViewModel.swift in Sources */,
				ECC91AE42B933D3E00F9D4AC /* RefreshState.swift in Sources */,
				ECC91AC32B907A5200F9D4AC /* TrendingView.swift in Sources */,
				EC96DB172B8DB6A900732CF5 /* BaseViewController.swift in Sources */,
				ECC91A952B8F7D7900F9D4AC /* ChartCollectionViewCell.swift in Sources */,
				EC96DB4A2B8E232600732CF5 /* RealmRepository.swift in Sources */,
				ECC91A8C2B8F643400F9D4AC /* ChartItem.swift in Sources */,
				EC96DB142B8DB0B800732CF5 /* SettingViewController.swift in Sources */,
				ECC91AD12B91BF7200F9D4AC /* HeaderView.swift in Sources */,
				EC96DB352B8DC92200732CF5 /* CoingeckoAPI.swift in Sources */,
				EC96DB482B8E1FCE00732CF5 /* RealmModel.swift in Sources */,
				EC96DB2B2B8DC14D00732CF5 /* Extensions.swift in Sources */,
				ECC91AD72B92025500F9D4AC /* SearchValidationState.swift in Sources */,
				EC96DB2D2B8DC15600732CF5 /* Protocols.swift in Sources */,
				EC96DB192B8DB6E600732CF5 /* BaseView.swift in Sources */,
				EC96DB292B8DBFDB00732CF5 /* SearchTableViewCell.swift in Sources */,
				ECC91A932B8F6CD400F9D4AC /* ChartViewModel.swift in Sources */,
				ECC91AD52B91D07100F9D4AC /* CoingeckoTrendingData.swift in Sources */,
				EC96DB1B2B8DB74600732CF5 /* RoundImageView.swift in Sources */,
				ECC91AE02B92FC3700F9D4AC /* NetworkCheck.swift in Sources */,
				EC96DB272B8DBF8E00732CF5 /* SearchView.swift in Sources */,
				ECC91A7B2B8F0DDB00F9D4AC /* FormatManager.swift in Sources */,
				ECC91A802B8F18B100F9D4AC /* FavoriteButtonClickedState.swift in Sources */,
				ECC91ACF2B91BE4400F9D4AC /* RankCollectionViewCell.swift in Sources */,
			);
			runOnlyForDeploymentPostprocessing = 0;
		};
/* End PBXSourcesBuildPhase section */

/* Begin PBXVariantGroup section */
		EC96DAFD2B8DACA600732CF5 /* LaunchScreen.storyboard */ = {
			isa = PBXVariantGroup;
			children = (
				EC96DAFE2B8DACA600732CF5 /* Base */,
			);
			name = LaunchScreen.storyboard;
			sourceTree = "<group>";
		};
/* End PBXVariantGroup section */

/* Begin XCBuildConfiguration section */
		EC96DB012B8DACA600732CF5 /* Debug */ = {
			isa = XCBuildConfiguration;
			buildSettings = {
				ALWAYS_SEARCH_USER_PATHS = NO;
				ASSETCATALOG_COMPILER_GENERATE_SWIFT_ASSET_SYMBOL_EXTENSIONS = YES;
				CLANG_ANALYZER_NONNULL = YES;
				CLANG_ANALYZER_NUMBER_OBJECT_CONVERSION = YES_AGGRESSIVE;
				CLANG_CXX_LANGUAGE_STANDARD = "gnu++20";
				CLANG_ENABLE_MODULES = YES;
				CLANG_ENABLE_OBJC_ARC = YES;
				CLANG_ENABLE_OBJC_WEAK = YES;
				CLANG_WARN_BLOCK_CAPTURE_AUTORELEASING = YES;
				CLANG_WARN_BOOL_CONVERSION = YES;
				CLANG_WARN_COMMA = YES;
				CLANG_WARN_CONSTANT_CONVERSION = YES;
				CLANG_WARN_DEPRECATED_OBJC_IMPLEMENTATIONS = YES;
				CLANG_WARN_DIRECT_OBJC_ISA_USAGE = YES_ERROR;
				CLANG_WARN_DOCUMENTATION_COMMENTS = YES;
				CLANG_WARN_EMPTY_BODY = YES;
				CLANG_WARN_ENUM_CONVERSION = YES;
				CLANG_WARN_INFINITE_RECURSION = YES;
				CLANG_WARN_INT_CONVERSION = YES;
				CLANG_WARN_NON_LITERAL_NULL_CONVERSION = YES;
				CLANG_WARN_OBJC_IMPLICIT_RETAIN_SELF = YES;
				CLANG_WARN_OBJC_LITERAL_CONVERSION = YES;
				CLANG_WARN_OBJC_ROOT_CLASS = YES_ERROR;
				CLANG_WARN_QUOTED_INCLUDE_IN_FRAMEWORK_HEADER = YES;
				CLANG_WARN_RANGE_LOOP_ANALYSIS = YES;
				CLANG_WARN_STRICT_PROTOTYPES = YES;
				CLANG_WARN_SUSPICIOUS_MOVE = YES;
				CLANG_WARN_UNGUARDED_AVAILABILITY = YES_AGGRESSIVE;
				CLANG_WARN_UNREACHABLE_CODE = YES;
				CLANG_WARN__DUPLICATE_METHOD_MATCH = YES;
				COPY_PHASE_STRIP = NO;
				DEBUG_INFORMATION_FORMAT = dwarf;
				ENABLE_STRICT_OBJC_MSGSEND = YES;
				ENABLE_TESTABILITY = YES;
				ENABLE_USER_SCRIPT_SANDBOXING = YES;
				GCC_C_LANGUAGE_STANDARD = gnu17;
				GCC_DYNAMIC_NO_PIC = NO;
				GCC_NO_COMMON_BLOCKS = YES;
				GCC_OPTIMIZATION_LEVEL = 0;
				GCC_PREPROCESSOR_DEFINITIONS = (
					"DEBUG=1",
					"$(inherited)",
				);
				GCC_WARN_64_TO_32_BIT_CONVERSION = YES;
				GCC_WARN_ABOUT_RETURN_TYPE = YES_ERROR;
				GCC_WARN_UNDECLARED_SELECTOR = YES;
				GCC_WARN_UNINITIALIZED_AUTOS = YES_AGGRESSIVE;
				GCC_WARN_UNUSED_FUNCTION = YES;
				GCC_WARN_UNUSED_VARIABLE = YES;
				IPHONEOS_DEPLOYMENT_TARGET = 17.2;
				LOCALIZATION_PREFERS_STRING_CATALOGS = YES;
				MTL_ENABLE_DEBUG_INFO = INCLUDE_SOURCE;
				MTL_FAST_MATH = YES;
				ONLY_ACTIVE_ARCH = YES;
				SDKROOT = iphoneos;
				SWIFT_ACTIVE_COMPILATION_CONDITIONS = "DEBUG $(inherited)";
				SWIFT_OPTIMIZATION_LEVEL = "-Onone";
			};
			name = Debug;
		};
		EC96DB022B8DACA600732CF5 /* Release */ = {
			isa = XCBuildConfiguration;
			buildSettings = {
				ALWAYS_SEARCH_USER_PATHS = NO;
				ASSETCATALOG_COMPILER_GENERATE_SWIFT_ASSET_SYMBOL_EXTENSIONS = YES;
				CLANG_ANALYZER_NONNULL = YES;
				CLANG_ANALYZER_NUMBER_OBJECT_CONVERSION = YES_AGGRESSIVE;
				CLANG_CXX_LANGUAGE_STANDARD = "gnu++20";
				CLANG_ENABLE_MODULES = YES;
				CLANG_ENABLE_OBJC_ARC = YES;
				CLANG_ENABLE_OBJC_WEAK = YES;
				CLANG_WARN_BLOCK_CAPTURE_AUTORELEASING = YES;
				CLANG_WARN_BOOL_CONVERSION = YES;
				CLANG_WARN_COMMA = YES;
				CLANG_WARN_CONSTANT_CONVERSION = YES;
				CLANG_WARN_DEPRECATED_OBJC_IMPLEMENTATIONS = YES;
				CLANG_WARN_DIRECT_OBJC_ISA_USAGE = YES_ERROR;
				CLANG_WARN_DOCUMENTATION_COMMENTS = YES;
				CLANG_WARN_EMPTY_BODY = YES;
				CLANG_WARN_ENUM_CONVERSION = YES;
				CLANG_WARN_INFINITE_RECURSION = YES;
				CLANG_WARN_INT_CONVERSION = YES;
				CLANG_WARN_NON_LITERAL_NULL_CONVERSION = YES;
				CLANG_WARN_OBJC_IMPLICIT_RETAIN_SELF = YES;
				CLANG_WARN_OBJC_LITERAL_CONVERSION = YES;
				CLANG_WARN_OBJC_ROOT_CLASS = YES_ERROR;
				CLANG_WARN_QUOTED_INCLUDE_IN_FRAMEWORK_HEADER = YES;
				CLANG_WARN_RANGE_LOOP_ANALYSIS = YES;
				CLANG_WARN_STRICT_PROTOTYPES = YES;
				CLANG_WARN_SUSPICIOUS_MOVE = YES;
				CLANG_WARN_UNGUARDED_AVAILABILITY = YES_AGGRESSIVE;
				CLANG_WARN_UNREACHABLE_CODE = YES;
				CLANG_WARN__DUPLICATE_METHOD_MATCH = YES;
				COPY_PHASE_STRIP = NO;
				DEBUG_INFORMATION_FORMAT = "dwarf-with-dsym";
				ENABLE_NS_ASSERTIONS = NO;
				ENABLE_STRICT_OBJC_MSGSEND = YES;
				ENABLE_USER_SCRIPT_SANDBOXING = YES;
				GCC_C_LANGUAGE_STANDARD = gnu17;
				GCC_NO_COMMON_BLOCKS = YES;
				GCC_WARN_64_TO_32_BIT_CONVERSION = YES;
				GCC_WARN_ABOUT_RETURN_TYPE = YES_ERROR;
				GCC_WARN_UNDECLARED_SELECTOR = YES;
				GCC_WARN_UNINITIALIZED_AUTOS = YES_AGGRESSIVE;
				GCC_WARN_UNUSED_FUNCTION = YES;
				GCC_WARN_UNUSED_VARIABLE = YES;
				IPHONEOS_DEPLOYMENT_TARGET = 17.2;
				LOCALIZATION_PREFERS_STRING_CATALOGS = YES;
				MTL_ENABLE_DEBUG_INFO = NO;
				MTL_FAST_MATH = YES;
				SDKROOT = iphoneos;
				SWIFT_COMPILATION_MODE = wholemodule;
				VALIDATE_PRODUCT = YES;
			};
			name = Release;
		};
		EC96DB042B8DACA600732CF5 /* Debug */ = {
			isa = XCBuildConfiguration;
			buildSettings = {
				ASSETCATALOG_COMPILER_APPICON_NAME = AppIcon;
				ASSETCATALOG_COMPILER_GLOBAL_ACCENT_COLOR_NAME = AccentColor;
				CODE_SIGN_STYLE = Automatic;
				CURRENT_PROJECT_VERSION = 1;
				GENERATE_INFOPLIST_FILE = YES;
				INFOPLIST_FILE = CryptoCoin/Info.plist;
				INFOPLIST_KEY_UIApplicationSupportsIndirectInputEvents = YES;
				INFOPLIST_KEY_UILaunchStoryboardName = LaunchScreen;
				INFOPLIST_KEY_UIMainStoryboardFile = "";
				INFOPLIST_KEY_UISupportedInterfaceOrientations = UIInterfaceOrientationPortrait;
				INFOPLIST_KEY_UISupportedInterfaceOrientations_iPad = "UIInterfaceOrientationLandscapeLeft UIInterfaceOrientationLandscapeRight UIInterfaceOrientationPortrait UIInterfaceOrientationPortraitUpsideDown";
				IPHONEOS_DEPLOYMENT_TARGET = 15.0;
				LD_RUNPATH_SEARCH_PATHS = (
					"$(inherited)",
					"@executable_path/Frameworks",
				);
				MARKETING_VERSION = 1.0;
				PRODUCT_BUNDLE_IDENTIFIER = com.olrae.CryptoCoin;
				PRODUCT_NAME = "$(TARGET_NAME)";
				SUPPORTED_PLATFORMS = "iphoneos iphonesimulator";
				SUPPORTS_MACCATALYST = NO;
				SUPPORTS_MAC_DESIGNED_FOR_IPHONE_IPAD = NO;
				SUPPORTS_XR_DESIGNED_FOR_IPHONE_IPAD = NO;
				SWIFT_EMIT_LOC_STRINGS = YES;
				SWIFT_VERSION = 5.0;
				TARGETED_DEVICE_FAMILY = 1;
			};
			name = Debug;
		};
		EC96DB052B8DACA600732CF5 /* Release */ = {
			isa = XCBuildConfiguration;
			buildSettings = {
				ASSETCATALOG_COMPILER_APPICON_NAME = AppIcon;
				ASSETCATALOG_COMPILER_GLOBAL_ACCENT_COLOR_NAME = AccentColor;
				CODE_SIGN_STYLE = Automatic;
				CURRENT_PROJECT_VERSION = 1;
				GENERATE_INFOPLIST_FILE = YES;
				INFOPLIST_FILE = CryptoCoin/Info.plist;
				INFOPLIST_KEY_UIApplicationSupportsIndirectInputEvents = YES;
				INFOPLIST_KEY_UILaunchStoryboardName = LaunchScreen;
				INFOPLIST_KEY_UIMainStoryboardFile = "";
				INFOPLIST_KEY_UISupportedInterfaceOrientations = UIInterfaceOrientationPortrait;
				INFOPLIST_KEY_UISupportedInterfaceOrientations_iPad = "UIInterfaceOrientationLandscapeLeft UIInterfaceOrientationLandscapeRight UIInterfaceOrientationPortrait UIInterfaceOrientationPortraitUpsideDown";
				IPHONEOS_DEPLOYMENT_TARGET = 15.0;
				LD_RUNPATH_SEARCH_PATHS = (
					"$(inherited)",
					"@executable_path/Frameworks",
				);
				MARKETING_VERSION = 1.0;
				PRODUCT_BUNDLE_IDENTIFIER = com.olrae.CryptoCoin;
				PRODUCT_NAME = "$(TARGET_NAME)";
				SUPPORTED_PLATFORMS = "iphoneos iphonesimulator";
				SUPPORTS_MACCATALYST = NO;
				SUPPORTS_MAC_DESIGNED_FOR_IPHONE_IPAD = NO;
				SUPPORTS_XR_DESIGNED_FOR_IPHONE_IPAD = NO;
				SWIFT_EMIT_LOC_STRINGS = YES;
				SWIFT_VERSION = 5.0;
				TARGETED_DEVICE_FAMILY = 1;
			};
			name = Release;
		};
/* End XCBuildConfiguration section */

/* Begin XCConfigurationList section */
		EC96DAEA2B8DACA400732CF5 /* Build configuration list for PBXProject "CryptoCoin" */ = {
			isa = XCConfigurationList;
			buildConfigurations = (
				EC96DB012B8DACA600732CF5 /* Debug */,
				EC96DB022B8DACA600732CF5 /* Release */,
			);
			defaultConfigurationIsVisible = 0;
			defaultConfigurationName = Release;
		};
		EC96DB032B8DACA600732CF5 /* Build configuration list for PBXNativeTarget "CryptoCoin" */ = {
			isa = XCConfigurationList;
			buildConfigurations = (
				EC96DB042B8DACA600732CF5 /* Debug */,
				EC96DB052B8DACA600732CF5 /* Release */,
			);
			defaultConfigurationIsVisible = 0;
			defaultConfigurationName = Release;
		};
/* End XCConfigurationList section */

/* Begin XCRemoteSwiftPackageReference section */
		EC96DB212B8DBD0100732CF5 /* XCRemoteSwiftPackageReference "SnapKit" */ = {
			isa = XCRemoteSwiftPackageReference;
			repositoryURL = "https://github.com/SnapKit/SnapKit.git";
			requirement = {
				kind = upToNextMajorVersion;
				minimumVersion = 5.7.1;
			};
		};
		EC96DB312B8DC8A400732CF5 /* XCRemoteSwiftPackageReference "Alamofire" */ = {
			isa = XCRemoteSwiftPackageReference;
			repositoryURL = "https://github.com/Alamofire/Alamofire.git";
			requirement = {
				kind = upToNextMajorVersion;
				minimumVersion = 5.8.1;
			};
		};
		EC96DB3E2B8DEC7800732CF5 /* XCRemoteSwiftPackageReference "Kingfisher" */ = {
			isa = XCRemoteSwiftPackageReference;
			repositoryURL = "https://github.com/onevcat/Kingfisher.git";
			requirement = {
				kind = upToNextMajorVersion;
				minimumVersion = 7.11.0;
			};
		};
		EC96DB412B8E1F2200732CF5 /* XCRemoteSwiftPackageReference "realm-swift" */ = {
			isa = XCRemoteSwiftPackageReference;
			repositoryURL = "https://github.com/realm/realm-swift.git";
			requirement = {
				kind = exactVersion;
				version = 10.47.0;
			};
		};
		ECC91A7C2B8F171900F9D4AC /* XCRemoteSwiftPackageReference "Toast-Swift" */ = {
			isa = XCRemoteSwiftPackageReference;
			repositoryURL = "https://github.com/scalessec/Toast-Swift.git";
			requirement = {
				kind = upToNextMajorVersion;
				minimumVersion = 5.1.0;
			};
		};
		ECC91A8D2B8F655800F9D4AC /* XCRemoteSwiftPackageReference "Charts" */ = {
			isa = XCRemoteSwiftPackageReference;
			repositoryURL = "https://github.com/danielgindi/Charts.git";
			requirement = {
				kind = upToNextMajorVersion;
				minimumVersion = 5.1.0;
			};
		};
		ECC91AD82B92066900F9D4AC /* XCRemoteSwiftPackageReference "SkeletonView" */ = {
			isa = XCRemoteSwiftPackageReference;
			repositoryURL = "https://github.com/Juanpe/SkeletonView.git";
			requirement = {
				kind = upToNextMajorVersion;
				minimumVersion = 1.30.4;
			};
		};
/* End XCRemoteSwiftPackageReference section */

/* Begin XCSwiftPackageProductDependency section */
		EC96DB222B8DBD0100732CF5 /* SnapKit */ = {
			isa = XCSwiftPackageProductDependency;
			package = EC96DB212B8DBD0100732CF5 /* XCRemoteSwiftPackageReference "SnapKit" */;
			productName = SnapKit;
		};
		EC96DB242B8DBD0100732CF5 /* SnapKit-Dynamic */ = {
			isa = XCSwiftPackageProductDependency;
			package = EC96DB212B8DBD0100732CF5 /* XCRemoteSwiftPackageReference "SnapKit" */;
			productName = "SnapKit-Dynamic";
		};
		EC96DB322B8DC8A400732CF5 /* Alamofire */ = {
			isa = XCSwiftPackageProductDependency;
			package = EC96DB312B8DC8A400732CF5 /* XCRemoteSwiftPackageReference "Alamofire" */;
			productName = Alamofire;
		};
		EC96DB3F2B8DEC7800732CF5 /* Kingfisher */ = {
			isa = XCSwiftPackageProductDependency;
			package = EC96DB3E2B8DEC7800732CF5 /* XCRemoteSwiftPackageReference "Kingfisher" */;
			productName = Kingfisher;
		};
		EC96DB422B8E1F2200732CF5 /* Realm */ = {
			isa = XCSwiftPackageProductDependency;
			package = EC96DB412B8E1F2200732CF5 /* XCRemoteSwiftPackageReference "realm-swift" */;
			productName = Realm;
		};
		EC96DB442B8E1F2200732CF5 /* RealmSwift */ = {
			isa = XCSwiftPackageProductDependency;
			package = EC96DB412B8E1F2200732CF5 /* XCRemoteSwiftPackageReference "realm-swift" */;
			productName = RealmSwift;
		};
		ECC91A7D2B8F171900F9D4AC /* Toast */ = {
			isa = XCSwiftPackageProductDependency;
			package = ECC91A7C2B8F171900F9D4AC /* XCRemoteSwiftPackageReference "Toast-Swift" */;
			productName = Toast;
		};
		ECC91A8E2B8F655800F9D4AC /* DGCharts */ = {
			isa = XCSwiftPackageProductDependency;
			package = ECC91A8D2B8F655800F9D4AC /* XCRemoteSwiftPackageReference "Charts" */;
			productName = DGCharts;
		};
		ECC91A902B8F655800F9D4AC /* DGChartsDynamic */ = {
			isa = XCSwiftPackageProductDependency;
			package = ECC91A8D2B8F655800F9D4AC /* XCRemoteSwiftPackageReference "Charts" */;
			productName = DGChartsDynamic;
		};
		ECC91AD92B92066900F9D4AC /* SkeletonView */ = {
			isa = XCSwiftPackageProductDependency;
			package = ECC91AD82B92066900F9D4AC /* XCRemoteSwiftPackageReference "SkeletonView" */;
			productName = SkeletonView;
		};
/* End XCSwiftPackageProductDependency section */
	};
	rootObject = EC96DAE72B8DACA400732CF5 /* Project object */;
}
